
Microsoft Visual Studio Solution File, Format Version 12.00
# Visual Studio Version 16
VisualStudioVersion = 16.0.32126.315
MinimumVisualStudioVersion = 10.0.40219.1
Project("{9A19103F-16F7-4668-BE54-9A1E7A4F7556}") = "AnimalFarm", "AnimalFarm\AnimalFarm.csproj", "{9F3A2AD9-BD29-4728-B2DE-DF94C86E5B2B}"
EndProject
Project("{9A19103F-16F7-4668-BE54-9A1E7A4F7556}") = "ClassBoxData", "ClassBoxData\ClassBoxData.csproj", "{A3D2266D-5D40-4BBB-880B-8551FE84E794}"
EndProject
Project("{9A19103F-16F7-4668-BE54-9A1E7A4F7556}") = "ShoppingSpree", "ShoppingSpree\ShoppingSpree.csproj", "{7B9A8E82-317E-4CB6-B980-EC65C9AF7FD1}"
EndProject
Project("{9A19103F-16F7-4668-BE54-9A1E7A4F7556}") = "PizzaCalories", "PizzaCalories\PizzaCalories.csproj", "{05B438AE-B89E-4FFE-AEE8-659FBEB10C23}"
EndProject
Project("{FAE04EC0-301F-11D3-BF4B-00C04F79EFBC}") = "FootballTeamGenerator", "FootballTeamGenerator\FootballTeamGenerator.csproj", "{69FE8115-0E2E-437E-BC11-7AFD2281261C}"
EndProject
Global
	GlobalSection(SolutionConfigurationPlatforms) = preSolution
		Debug|Any CPU = Debug|Any CPU
		Release|Any CPU = Release|Any CPU
	EndGlobalSection
	GlobalSection(ProjectConfigurationPlatforms) = postSolution
		{9F3A2AD9-BD29-4728-B2DE-DF94C86E5B2B}.Debug|Any CPU.ActiveCfg = Debug|Any CPU
		{9F3A2AD9-BD29-4728-B2DE-DF94C86E5B2B}.Debug|Any CPU.Build.0 = Debug|Any CPU
		{9F3A2AD9-BD29-4728-B2DE-DF94C86E5B2B}.Release|Any CPU.ActiveCfg = Release|Any CPU
		{9F3A2AD9-BD29-4728-B2DE-DF94C86E5B2B}.Release|Any CPU.Build.0 = Release|Any CPU
		{A3D2266D-5D40-4BBB-880B-8551FE84E794}.Debug|Any CPU.ActiveCfg = Debug|Any CPU
		{A3D2266D-5D40-4BBB-880B-8551FE84E794}.Debug|Any CPU.Build.0 = Debug|Any CPU
		{A3D2266D-5D40-4BBB-880B-8551FE84E794}.Release|Any CPU.ActiveCfg = Release|Any CPU
		{A3D2266D-5D40-4BBB-880B-8551FE84E794}.Release|Any CPU.Build.0 = Release|Any CPU
		{7B9A8E82-317E-4CB6-B980-EC65C9AF7FD1}.Debug|Any CPU.ActiveCfg = Debug|Any CPU
		{7B9A8E82-317E-4CB6-B980-EC65C9AF7FD1}.Debug|Any CPU.Build.0 = Debug|Any CPU
		{7B9A8E82-317E-4CB6-B980-EC65C9AF7FD1}.Release|Any CPU.ActiveCfg = Release|Any CPU
		{7B9A8E82-317E-4CB6-B980-EC65C9AF7FD1}.Release|Any CPU.Build.0 = Release|Any CPU
		{05B438AE-B89E-4FFE-AEE8-659FBEB10C23}.Debug|Any CPU.ActiveCfg = Debug|Any CPU
		{05B438AE-B89E-4FFE-AEE8-659FBEB10C23}.Debug|Any CPU.Build.0 = Debug|Any CPU
		{05B438AE-B89E-4FFE-AEE8-659FBEB10C23}.Release|Any CPU.ActiveCfg = Release|Any CPU
		{05B438AE-B89E-4FFE-AEE8-659FBEB10C23}.Release|Any CPU.Build.0 = Release|Any CPU
		{69FE8115-0E2E-437E-BC11-7AFD2281261C}.Debug|Any CPU.ActiveCfg = Debug|Any CPU
		{69FE8115-0E2E-437E-BC11-7AFD2281261C}.Debug|Any CPU.Build.0 = Debug|Any CPU
		{69FE8115-0E2E-437E-BC11-7AFD2281261C}.Release|Any CPU.ActiveCfg = Release|Any CPU
		{69FE8115-0E2E-437E-BC11-7AFD2281261C}.Release|Any CPU.Build.0 = Release|Any CPU
	EndGlobalSection
	GlobalSection(SolutionProperties) = preSolution
		HideSolutionNode = FALSE
	EndGlobalSection
	GlobalSection(ExtensibilityGlobals) = postSolution
		SolutionGuid = {16C6B5F8-9855-4B2E-9C91-D9E4C8A8FC04}
	EndGlobalSection
EndGlobal
